
Microsoft Visual Studio Solution File, Format Version 12.00
# Visual Studio 2012
Project("{FAE04EC0-301F-11D3-BF4B-00C04F79EFBC}") = "程序嵌于任务栏", "程序嵌于任务栏\程序嵌于任务栏.csproj", "{F03C8094-D49E-4422-954D-E8B4BCE63D7F}"
EndProject
Project("{FAE04EC0-301F-11D3-BF4B-00C04F79EFBC}") = "AeroWindow", "AeroWindow\AeroWindow.csproj", "{1DF7F7FD-1620-4E56-9C44-5986185B6D64}"
EndProject
Global
	GlobalSection(SolutionConfigurationPlatforms) = preSolution
		Debug|Any CPU = Debug|Any CPU
		Release|Any CPU = Release|Any CPU
	EndGlobalSection
	GlobalSection(ProjectConfigurationPlatforms) = postSolution
		{F03C8094-D49E-4422-954D-E8B4BCE63D7F}.Debug|Any CPU.ActiveCfg = Debug|Any CPU
		{F03C8094-D49E-4422-954D-E8B4BCE63D7F}.Debug|Any CPU.Build.0 = Debug|Any CPU
		{F03C8094-D49E-4422-954D-E8B4BCE63D7F}.Release|Any CPU.ActiveCfg = Release|Any CPU
		{F03C8094-D49E-4422-954D-E8B4BCE63D7F}.Release|Any CPU.Build.0 = Release|Any CPU
		{1DF7F7FD-1620-4E56-9C44-5986185B6D64}.Debug|Any CPU.ActiveCfg = Debug|Any CPU
		{1DF7F7FD-1620-4E56-9C44-5986185B6D64}.Debug|Any CPU.Build.0 = Debug|Any CPU
		{1DF7F7FD-1620-4E56-9C44-5986185B6D64}.Release|Any CPU.ActiveCfg = Release|Any CPU
		{1DF7F7FD-1620-4E56-9C44-5986185B6D64}.Release|Any CPU.Build.0 = Release|Any CPU
	EndGlobalSection
	GlobalSection(SolutionProperties) = preSolution
		HideSolutionNode = FALSE
	EndGlobalSection
EndGlobal
